// !$*UTF8*$!
{
	archiveVersion = 1;
	classes = {
	};
	objectVersion = 56;
	objects = {

/* Begin PBXBuildFile section */
		EF05C32F2984449B008A0182 /* AppDelegate.swift in Sources */ = {isa = PBXBuildFile; fileRef = EF05C32E2984449B008A0182 /* AppDelegate.swift */; };
		EF05C3312984449B008A0182 /* SceneDelegate.swift in Sources */ = {isa = PBXBuildFile; fileRef = EF05C3302984449B008A0182 /* SceneDelegate.swift */; };
		EF05C3332984449B008A0182 /* ViewController.swift in Sources */ = {isa = PBXBuildFile; fileRef = EF05C3322984449B008A0182 /* ViewController.swift */; };
		EF05C3362984449B008A0182 /* Main.storyboard in Resources */ = {isa = PBXBuildFile; fileRef = EF05C3342984449B008A0182 /* Main.storyboard */; };
		EF05C3382984449D008A0182 /* Assets.xcassets in Resources */ = {isa = PBXBuildFile; fileRef = EF05C3372984449D008A0182 /* Assets.xcassets */; };
		EF05C33B2984449D008A0182 /* LaunchScreen.storyboard in Resources */ = {isa = PBXBuildFile; fileRef = EF05C3392984449D008A0182 /* LaunchScreen.storyboard */; };
		EF05C3462984449D008A0182 /* AsyncTutorialTests.swift in Sources */ = {isa = PBXBuildFile; fileRef = EF05C3452984449D008A0182 /* AsyncTutorialTests.swift */; };
		EF05C3502984449D008A0182 /* AsyncTutorialUITests.swift in Sources */ = {isa = PBXBuildFile; fileRef = EF05C34F2984449D008A0182 /* AsyncTutorialUITests.swift */; };
		EF05C3522984449D008A0182 /* AsyncTutorialUITestsLaunchTests.swift in Sources */ = {isa = PBXBuildFile; fileRef = EF05C3512984449D008A0182 /* AsyncTutorialUITestsLaunchTests.swift */; };
		EF05C36829867DD9008A0182 /* ApiRequest.docc in Sources */ = {isa = PBXBuildFile; fileRef = EF05C36729867DD9008A0182 /* ApiRequest.docc */; };
		EF05C36E29867DD9008A0182 /* ApiRequest.framework in Frameworks */ = {isa = PBXBuildFile; fileRef = EF05C36429867DD9008A0182 /* ApiRequest.framework */; };
		EF05C37529867DD9008A0182 /* ApiRequestTests.swift in Sources */ = {isa = PBXBuildFile; fileRef = EF05C37429867DD9008A0182 /* ApiRequestTests.swift */; };
		EF05C37629867DD9008A0182 /* ApiRequest.h in Headers */ = {isa = PBXBuildFile; fileRef = EF05C36629867DD9008A0182 /* ApiRequest.h */; settings = {ATTRIBUTES = (Public, ); }; };
		EF05C37929867DD9008A0182 /* ApiRequest.framework in Frameworks */ = {isa = PBXBuildFile; fileRef = EF05C36429867DD9008A0182 /* ApiRequest.framework */; };
		EF05C37A29867DD9008A0182 /* ApiRequest.framework in Embed Frameworks */ = {isa = PBXBuildFile; fileRef = EF05C36429867DD9008A0182 /* ApiRequest.framework */; settings = {ATTRIBUTES = (CodeSignOnCopy, RemoveHeadersOnCopy, ); }; };
		EF05C38529867E8B008A0182 /* FeedModel.swift in Sources */ = {isa = PBXBuildFile; fileRef = EF05C38429867E8B008A0182 /* FeedModel.swift */; };
		EF05C38729868025008A0182 /* NetworkRequest.swift in Sources */ = {isa = PBXBuildFile; fileRef = EF05C38629868025008A0182 /* NetworkRequest.swift */; };
		EF05C38A2986806C008A0182 /* MockJSONResponse.swift in Sources */ = {isa = PBXBuildFile; fileRef = EF05C3892986806C008A0182 /* MockJSONResponse.swift */; };
		EF05C38C2986807C008A0182 /* MockJsonResponse.swift in Sources */ = {isa = PBXBuildFile; fileRef = EF05C38B2986807C008A0182 /* MockJsonResponse.swift */; };
		EF05C3912986825D008A0182 /* NetworkRequestTests.swift in Sources */ = {isa = PBXBuildFile; fileRef = EF05C3902986825D008A0182 /* NetworkRequestTests.swift */; };
/* End PBXBuildFile section */

/* Begin PBXContainerItemProxy section */
		EF05C3422984449D008A0182 /* PBXContainerItemProxy */ = {
			isa = PBXContainerItemProxy;
			containerPortal = EF05C3232984449B008A0182 /* Project object */;
			proxyType = 1;
			remoteGlobalIDString = EF05C32A2984449B008A0182;
			remoteInfo = AsyncTutorial;
		};
		EF05C34C2984449D008A0182 /* PBXContainerItemProxy */ = {
			isa = PBXContainerItemProxy;
			containerPortal = EF05C3232984449B008A0182 /* Project object */;
			proxyType = 1;
			remoteGlobalIDString = EF05C32A2984449B008A0182;
			remoteInfo = AsyncTutorial;
		};
		EF05C36F29867DD9008A0182 /* PBXContainerItemProxy */ = {
			isa = PBXContainerItemProxy;
			containerPortal = EF05C3232984449B008A0182 /* Project object */;
			proxyType = 1;
			remoteGlobalIDString = EF05C36329867DD9008A0182;
			remoteInfo = ApiRequest;
		};
		EF05C37129867DD9008A0182 /* PBXContainerItemProxy */ = {
			isa = PBXContainerItemProxy;
			containerPortal = EF05C3232984449B008A0182 /* Project object */;
			proxyType = 1;
			remoteGlobalIDString = EF05C32A2984449B008A0182;
			remoteInfo = AsyncTutorial;
		};
		EF05C37729867DD9008A0182 /* PBXContainerItemProxy */ = {
			isa = PBXContainerItemProxy;
			containerPortal = EF05C3232984449B008A0182 /* Project object */;
			proxyType = 1;
			remoteGlobalIDString = EF05C36329867DD9008A0182;
			remoteInfo = ApiRequest;
		};
/* End PBXContainerItemProxy section */

/* Begin PBXCopyFilesBuildPhase section */
		EF05C37E29867DD9008A0182 /* Embed Frameworks */ = {
			isa = PBXCopyFilesBuildPhase;
			buildActionMask = 2147483647;
			dstPath = "";
			dstSubfolderSpec = 10;
			files = (
				EF05C37A29867DD9008A0182 /* ApiRequest.framework in Embed Frameworks */,
			);
			name = "Embed Frameworks";
			runOnlyForDeploymentPostprocessing = 0;
		};
/* End PBXCopyFilesBuildPhase section */

/* Begin PBXFileReference section */
		EF05C32B2984449B008A0182 /* AsyncTutorial.app */ = {isa = PBXFileReference; explicitFileType = wrapper.application; includeInIndex = 0; path = AsyncTutorial.app; sourceTree = BUILT_PRODUCTS_DIR; };
		EF05C32E2984449B008A0182 /* AppDelegate.swift */ = {isa = PBXFileReference; lastKnownFileType = sourcecode.swift; path = AppDelegate.swift; sourceTree = "<group>"; };
		EF05C3302984449B008A0182 /* SceneDelegate.swift */ = {isa = PBXFileReference; lastKnownFileType = sourcecode.swift; path = SceneDelegate.swift; sourceTree = "<group>"; };
		EF05C3322984449B008A0182 /* ViewController.swift */ = {isa = PBXFileReference; lastKnownFileType = sourcecode.swift; path = ViewController.swift; sourceTree = "<group>"; };
		EF05C3352984449B008A0182 /* Base */ = {isa = PBXFileReference; lastKnownFileType = file.storyboard; name = Base; path = Base.lproj/Main.storyboard; sourceTree = "<group>"; };
		EF05C3372984449D008A0182 /* Assets.xcassets */ = {isa = PBXFileReference; lastKnownFileType = folder.assetcatalog; path = Assets.xcassets; sourceTree = "<group>"; };
		EF05C33A2984449D008A0182 /* Base */ = {isa = PBXFileReference; lastKnownFileType = file.storyboard; name = Base; path = Base.lproj/LaunchScreen.storyboard; sourceTree = "<group>"; };
		EF05C33C2984449D008A0182 /* Info.plist */ = {isa = PBXFileReference; lastKnownFileType = text.plist.xml; path = Info.plist; sourceTree = "<group>"; };
		EF05C3412984449D008A0182 /* AsyncTutorialTests.xctest */ = {isa = PBXFileReference; explicitFileType = wrapper.cfbundle; includeInIndex = 0; path = AsyncTutorialTests.xctest; sourceTree = BUILT_PRODUCTS_DIR; };
		EF05C3452984449D008A0182 /* AsyncTutorialTests.swift */ = {isa = PBXFileReference; lastKnownFileType = sourcecode.swift; path = AsyncTutorialTests.swift; sourceTree = "<group>"; };
		EF05C34B2984449D008A0182 /* AsyncTutorialUITests.xctest */ = {isa = PBXFileReference; explicitFileType = wrapper.cfbundle; includeInIndex = 0; path = AsyncTutorialUITests.xctest; sourceTree = BUILT_PRODUCTS_DIR; };
		EF05C34F2984449D008A0182 /* AsyncTutorialUITests.swift */ = {isa = PBXFileReference; lastKnownFileType = sourcecode.swift; path = AsyncTutorialUITests.swift; sourceTree = "<group>"; };
		EF05C3512984449D008A0182 /* AsyncTutorialUITestsLaunchTests.swift */ = {isa = PBXFileReference; lastKnownFileType = sourcecode.swift; path = AsyncTutorialUITestsLaunchTests.swift; sourceTree = "<group>"; };
		EF05C36429867DD9008A0182 /* ApiRequest.framework */ = {isa = PBXFileReference; explicitFileType = wrapper.framework; includeInIndex = 0; path = ApiRequest.framework; sourceTree = BUILT_PRODUCTS_DIR; };
		EF05C36629867DD9008A0182 /* ApiRequest.h */ = {isa = PBXFileReference; lastKnownFileType = sourcecode.c.h; path = ApiRequest.h; sourceTree = "<group>"; };
		EF05C36729867DD9008A0182 /* ApiRequest.docc */ = {isa = PBXFileReference; lastKnownFileType = folder.documentationcatalog; path = ApiRequest.docc; sourceTree = "<group>"; };
		EF05C36D29867DD9008A0182 /* ApiRequestTests.xctest */ = {isa = PBXFileReference; explicitFileType = wrapper.cfbundle; includeInIndex = 0; path = ApiRequestTests.xctest; sourceTree = BUILT_PRODUCTS_DIR; };
		EF05C37429867DD9008A0182 /* ApiRequestTests.swift */ = {isa = PBXFileReference; lastKnownFileType = sourcecode.swift; path = ApiRequestTests.swift; sourceTree = "<group>"; };
		EF05C38429867E8B008A0182 /* FeedModel.swift */ = {isa = PBXFileReference; lastKnownFileType = sourcecode.swift; path = FeedModel.swift; sourceTree = "<group>"; };
		EF05C38629868025008A0182 /* NetworkRequest.swift */ = {isa = PBXFileReference; lastKnownFileType = sourcecode.swift; path = NetworkRequest.swift; sourceTree = "<group>"; };
		EF05C3892986806C008A0182 /* MockJSONResponse.swift */ = {isa = PBXFileReference; lastKnownFileType = sourcecode.swift; path = MockJSONResponse.swift; sourceTree = "<group>"; };
		EF05C38B2986807C008A0182 /* MockJsonResponse.swift */ = {isa = PBXFileReference; lastKnownFileType = sourcecode.swift; path = MockJsonResponse.swift; sourceTree = "<group>"; };
		EF05C3902986825D008A0182 /* NetworkRequestTests.swift */ = {isa = PBXFileReference; lastKnownFileType = sourcecode.swift; path = NetworkRequestTests.swift; sourceTree = "<group>"; };
/* End PBXFileReference section */

/* Begin PBXFrameworksBuildPhase section */
		EF05C3282984449B008A0182 /* Frameworks */ = {
			isa = PBXFrameworksBuildPhase;
			buildActionMask = 2147483647;
			files = (
				EF05C37929867DD9008A0182 /* ApiRequest.framework in Frameworks */,
			);
			runOnlyForDeploymentPostprocessing = 0;
		};
		EF05C33E2984449D008A0182 /* Frameworks */ = {
			isa = PBXFrameworksBuildPhase;
			buildActionMask = 2147483647;
			files = (
			);
			runOnlyForDeploymentPostprocessing = 0;
		};
		EF05C3482984449D008A0182 /* Frameworks */ = {
			isa = PBXFrameworksBuildPhase;
			buildActionMask = 2147483647;
			files = (
			);
			runOnlyForDeploymentPostprocessing = 0;
		};
		EF05C36129867DD9008A0182 /* Frameworks */ = {
			isa = PBXFrameworksBuildPhase;
			buildActionMask = 2147483647;
			files = (
			);
			runOnlyForDeploymentPostprocessing = 0;
		};
		EF05C36A29867DD9008A0182 /* Frameworks */ = {
			isa = PBXFrameworksBuildPhase;
			buildActionMask = 2147483647;
			files = (
				EF05C36E29867DD9008A0182 /* ApiRequest.framework in Frameworks */,
			);
			runOnlyForDeploymentPostprocessing = 0;
		};
/* End PBXFrameworksBuildPhase section */

/* Begin PBXGroup section */
		EF05C3222984449B008A0182 = {
			isa = PBXGroup;
			children = (
				EF05C32D2984449B008A0182 /* AsyncTutorial */,
				EF05C3442984449D008A0182 /* AsyncTutorialTests */,
				EF05C34E2984449D008A0182 /* AsyncTutorialUITests */,
				EF05C36529867DD9008A0182 /* ApiRequest */,
				EF05C37329867DD9008A0182 /* ApiRequestTests */,
				EF05C32C2984449B008A0182 /* Products */,
			);
			sourceTree = "<group>";
		};
		EF05C32C2984449B008A0182 /* Products */ = {
			isa = PBXGroup;
			children = (
				EF05C32B2984449B008A0182 /* AsyncTutorial.app */,
				EF05C3412984449D008A0182 /* AsyncTutorialTests.xctest */,
				EF05C34B2984449D008A0182 /* AsyncTutorialUITests.xctest */,
				EF05C36429867DD9008A0182 /* ApiRequest.framework */,
				EF05C36D29867DD9008A0182 /* ApiRequestTests.xctest */,
			);
			name = Products;
			sourceTree = "<group>";
		};
		EF05C32D2984449B008A0182 /* AsyncTutorial */ = {
			isa = PBXGroup;
			children = (
				EF05C32E2984449B008A0182 /* AppDelegate.swift */,
				EF05C3302984449B008A0182 /* SceneDelegate.swift */,
				EF05C3322984449B008A0182 /* ViewController.swift */,
				EF05C3342984449B008A0182 /* Main.storyboard */,
				EF05C3372984449D008A0182 /* Assets.xcassets */,
				EF05C3392984449D008A0182 /* LaunchScreen.storyboard */,
				EF05C33C2984449D008A0182 /* Info.plist */,
			);
			path = AsyncTutorial;
			sourceTree = "<group>";
		};
		EF05C3442984449D008A0182 /* AsyncTutorialTests */ = {
			isa = PBXGroup;
			children = (
				EF05C3452984449D008A0182 /* AsyncTutorialTests.swift */,
			);
			path = AsyncTutorialTests;
			sourceTree = "<group>";
		};
		EF05C34E2984449D008A0182 /* AsyncTutorialUITests */ = {
			isa = PBXGroup;
			children = (
				EF05C34F2984449D008A0182 /* AsyncTutorialUITests.swift */,
				EF05C3512984449D008A0182 /* AsyncTutorialUITestsLaunchTests.swift */,
			);
			path = AsyncTutorialUITests;
			sourceTree = "<group>";
		};
		EF05C36529867DD9008A0182 /* ApiRequest */ = {
			isa = PBXGroup;
			children = (
				EF05C3882986804F008A0182 /* RawData */,
				EF05C38329867E1C008A0182 /* DataModels */,
				EF05C38229867E0E008A0182 /* Network */,
				EF05C36629867DD9008A0182 /* ApiRequest.h */,
				EF05C36729867DD9008A0182 /* ApiRequest.docc */,
			);
			path = ApiRequest;
			sourceTree = "<group>";
		};
		EF05C37329867DD9008A0182 /* ApiRequestTests */ = {
			isa = PBXGroup;
			children = (
				EF05C38D29868081008A0182 /* MockData */,
				EF05C37429867DD9008A0182 /* ApiRequestTests.swift */,
				EF05C3902986825D008A0182 /* NetworkRequestTests.swift */,
			);
			path = ApiRequestTests;
			sourceTree = "<group>";
		};
		EF05C38229867E0E008A0182 /* Network */ = {
			isa = PBXGroup;
			children = (
				EF05C38629868025008A0182 /* NetworkRequest.swift */,
			);
			path = Network;
			sourceTree = "<group>";
		};
		EF05C38329867E1C008A0182 /* DataModels */ = {
			isa = PBXGroup;
			children = (
				EF05C38429867E8B008A0182 /* FeedModel.swift */,
			);
			path = DataModels;
			sourceTree = "<group>";
		};
		EF05C3882986804F008A0182 /* RawData */ = {
			isa = PBXGroup;
			children = (
				EF05C3892986806C008A0182 /* MockJSONResponse.swift */,
			);
			path = RawData;
			sourceTree = "<group>";
		};
		EF05C38D29868081008A0182 /* MockData */ = {
			isa = PBXGroup;
			children = (
				EF05C38B2986807C008A0182 /* MockJsonResponse.swift */,
			);
			path = MockData;
			sourceTree = "<group>";
		};
/* End PBXGroup section */

/* Begin PBXHeadersBuildPhase section */
		EF05C35F29867DD9008A0182 /* Headers */ = {
			isa = PBXHeadersBuildPhase;
			buildActionMask = 2147483647;
			files = (
				EF05C37629867DD9008A0182 /* ApiRequest.h in Headers */,
			);
			runOnlyForDeploymentPostprocessing = 0;
		};
/* End PBXHeadersBuildPhase section */

/* Begin PBXNativeTarget section */
		EF05C32A2984449B008A0182 /* AsyncTutorial */ = {
			isa = PBXNativeTarget;
			buildConfigurationList = EF05C3552984449D008A0182 /* Build configuration list for PBXNativeTarget "AsyncTutorial" */;
			buildPhases = (
				EF05C3272984449B008A0182 /* Sources */,
				EF05C3282984449B008A0182 /* Frameworks */,
				EF05C3292984449B008A0182 /* Resources */,
				EF05C37E29867DD9008A0182 /* Embed Frameworks */,
			);
			buildRules = (
			);
			dependencies = (
				EF05C37829867DD9008A0182 /* PBXTargetDependency */,
			);
			name = AsyncTutorial;
			productName = AsyncTutorial;
			productReference = EF05C32B2984449B008A0182 /* AsyncTutorial.app */;
			productType = "com.apple.product-type.application";
		};
		EF05C3402984449D008A0182 /* AsyncTutorialTests */ = {
			isa = PBXNativeTarget;
			buildConfigurationList = EF05C3582984449D008A0182 /* Build configuration list for PBXNativeTarget "AsyncTutorialTests" */;
			buildPhases = (
				EF05C33D2984449D008A0182 /* Sources */,
				EF05C33E2984449D008A0182 /* Frameworks */,
				EF05C33F2984449D008A0182 /* Resources */,
			);
			buildRules = (
			);
			dependencies = (
				EF05C3432984449D008A0182 /* PBXTargetDependency */,
			);
			name = AsyncTutorialTests;
			productName = AsyncTutorialTests;
			productReference = EF05C3412984449D008A0182 /* AsyncTutorialTests.xctest */;
			productType = "com.apple.product-type.bundle.unit-test";
		};
		EF05C34A2984449D008A0182 /* AsyncTutorialUITests */ = {
			isa = PBXNativeTarget;
			buildConfigurationList = EF05C35B2984449D008A0182 /* Build configuration list for PBXNativeTarget "AsyncTutorialUITests" */;
			buildPhases = (
				EF05C3472984449D008A0182 /* Sources */,
				EF05C3482984449D008A0182 /* Frameworks */,
				EF05C3492984449D008A0182 /* Resources */,
			);
			buildRules = (
			);
			dependencies = (
				EF05C34D2984449D008A0182 /* PBXTargetDependency */,
			);
			name = AsyncTutorialUITests;
			productName = AsyncTutorialUITests;
			productReference = EF05C34B2984449D008A0182 /* AsyncTutorialUITests.xctest */;
			productType = "com.apple.product-type.bundle.ui-testing";
		};
		EF05C36329867DD9008A0182 /* ApiRequest */ = {
			isa = PBXNativeTarget;
			buildConfigurationList = EF05C37B29867DD9008A0182 /* Build configuration list for PBXNativeTarget "ApiRequest" */;
			buildPhases = (
				EF05C35F29867DD9008A0182 /* Headers */,
				EF05C36029867DD9008A0182 /* Sources */,
				EF05C36129867DD9008A0182 /* Frameworks */,
				EF05C36229867DD9008A0182 /* Resources */,
			);
			buildRules = (
			);
			dependencies = (
			);
			name = ApiRequest;
			productName = ApiRequest;
			productReference = EF05C36429867DD9008A0182 /* ApiRequest.framework */;
			productType = "com.apple.product-type.framework";
		};
		EF05C36C29867DD9008A0182 /* ApiRequestTests */ = {
			isa = PBXNativeTarget;
			buildConfigurationList = EF05C37F29867DD9008A0182 /* Build configuration list for PBXNativeTarget "ApiRequestTests" */;
			buildPhases = (
				EF05C36929867DD9008A0182 /* Sources */,
				EF05C36A29867DD9008A0182 /* Frameworks */,
				EF05C36B29867DD9008A0182 /* Resources */,
			);
			buildRules = (
			);
			dependencies = (
				EF05C37029867DD9008A0182 /* PBXTargetDependency */,
				EF05C37229867DD9008A0182 /* PBXTargetDependency */,
			);
			name = ApiRequestTests;
			productName = ApiRequestTests;
			productReference = EF05C36D29867DD9008A0182 /* ApiRequestTests.xctest */;
			productType = "com.apple.product-type.bundle.unit-test";
		};
/* End PBXNativeTarget section */

/* Begin PBXProject section */
		EF05C3232984449B008A0182 /* Project object */ = {
			isa = PBXProject;
			attributes = {
				BuildIndependentTargetsInParallel = 1;
				LastSwiftUpdateCheck = 1400;
				LastUpgradeCheck = 1400;
				TargetAttributes = {
					EF05C32A2984449B008A0182 = {
						CreatedOnToolsVersion = 14.0;
					};
					EF05C3402984449D008A0182 = {
						CreatedOnToolsVersion = 14.0;
						TestTargetID = EF05C32A2984449B008A0182;
					};
					EF05C34A2984449D008A0182 = {
						CreatedOnToolsVersion = 14.0;
						TestTargetID = EF05C32A2984449B008A0182;
					};
					EF05C36329867DD9008A0182 = {
						CreatedOnToolsVersion = 14.0;
					};
					EF05C36C29867DD9008A0182 = {
						CreatedOnToolsVersion = 14.0;
						TestTargetID = EF05C32A2984449B008A0182;
					};
				};
			};
			buildConfigurationList = EF05C3262984449B008A0182 /* Build configuration list for PBXProject "AsyncTutorial" */;
			compatibilityVersion = "Xcode 14.0";
			developmentRegion = en;
			hasScannedForEncodings = 0;
			knownRegions = (
				en,
				Base,
			);
			mainGroup = EF05C3222984449B008A0182;
			productRefGroup = EF05C32C2984449B008A0182 /* Products */;
			projectDirPath = "";
			projectRoot = "";
			targets = (
				EF05C32A2984449B008A0182 /* AsyncTutorial */,
				EF05C3402984449D008A0182 /* AsyncTutorialTests */,
				EF05C34A2984449D008A0182 /* AsyncTutorialUITests */,
				EF05C36329867DD9008A0182 /* ApiRequest */,
				EF05C36C29867DD9008A0182 /* ApiRequestTests */,
			);
		};
/* End PBXProject section */

/* Begin PBXResourcesBuildPhase section */
		EF05C3292984449B008A0182 /* Resources */ = {
			isa = PBXResourcesBuildPhase;
			buildActionMask = 2147483647;
			files = (
				EF05C33B2984449D008A0182 /* LaunchScreen.storyboard in Resources */,
				EF05C3382984449D008A0182 /* Assets.xcassets in Resources */,
				EF05C3362984449B008A0182 /* Main.storyboard in Resources */,
			);
			runOnlyForDeploymentPostprocessing = 0;
		};
		EF05C33F2984449D008A0182 /* Resources */ = {
			isa = PBXResourcesBuildPhase;
			buildActionMask = 2147483647;
			files = (
			);
			runOnlyForDeploymentPostprocessing = 0;
		};
		EF05C3492984449D008A0182 /* Resources */ = {
			isa = PBXResourcesBuildPhase;
			buildActionMask = 2147483647;
			files = (
			);
			runOnlyForDeploymentPostprocessing = 0;
		};
		EF05C36229867DD9008A0182 /* Resources */ = {
			isa = PBXResourcesBuildPhase;
			buildActionMask = 2147483647;
			files = (
			);
			runOnlyForDeploymentPostprocessing = 0;
		};
		EF05C36B29867DD9008A0182 /* Resources */ = {
			isa = PBXResourcesBuildPhase;
			buildActionMask = 2147483647;
			files = (
			);
			runOnlyForDeploymentPostprocessing = 0;
		};
/* End PBXResourcesBuildPhase section */

/* Begin PBXSourcesBuildPhase section */
		EF05C3272984449B008A0182 /* Sources */ = {
			isa = PBXSourcesBuildPhase;
			buildActionMask = 2147483647;
			files = (
				EF05C3332984449B008A0182 /* ViewController.swift in Sources */,
				EF05C32F2984449B008A0182 /* AppDelegate.swift in Sources */,
				EF05C3312984449B008A0182 /* SceneDelegate.swift in Sources */,
			);
			runOnlyForDeploymentPostprocessing = 0;
		};
		EF05C33D2984449D008A0182 /* Sources */ = {
			isa = PBXSourcesBuildPhase;
			buildActionMask = 2147483647;
			files = (
				EF05C3462984449D008A0182 /* AsyncTutorialTests.swift in Sources */,
			);
			runOnlyForDeploymentPostprocessing = 0;
		};
		EF05C3472984449D008A0182 /* Sources */ = {
			isa = PBXSourcesBuildPhase;
			buildActionMask = 2147483647;
			files = (
				EF05C3502984449D008A0182 /* AsyncTutorialUITests.swift in Sources */,
				EF05C3522984449D008A0182 /* AsyncTutorialUITestsLaunchTests.swift in Sources */,
			);
			runOnlyForDeploymentPostprocessing = 0;
		};
		EF05C36029867DD9008A0182 /* Sources */ = {
			isa = PBXSourcesBuildPhase;
			buildActionMask = 2147483647;
			files = (
				EF05C38A2986806C008A0182 /* MockJSONResponse.swift in Sources */,
				EF05C36829867DD9008A0182 /* ApiRequest.docc in Sources */,
				EF05C38729868025008A0182 /* NetworkRequest.swift in Sources */,
				EF05C38529867E8B008A0182 /* FeedModel.swift in Sources */,
			);
			runOnlyForDeploymentPostprocessing = 0;
		};
		EF05C36929867DD9008A0182 /* Sources */ = {
			isa = PBXSourcesBuildPhase;
			buildActionMask = 2147483647;
			files = (
				EF05C38C2986807C008A0182 /* MockJsonResponse.swift in Sources */,
				EF05C37529867DD9008A0182 /* ApiRequestTests.swift in Sources */,
				EF05C3912986825D008A0182 /* NetworkRequestTests.swift in Sources */,
			);
			runOnlyForDeploymentPostprocessing = 0;
		};
/* End PBXSourcesBuildPhase section */

/* Begin PBXTargetDependency section */
		EF05C3432984449D008A0182 /* PBXTargetDependency */ = {
			isa = PBXTargetDependency;
			target = EF05C32A2984449B008A0182 /* AsyncTutorial */;
			targetProxy = EF05C3422984449D008A0182 /* PBXContainerItemProxy */;
		};
		EF05C34D2984449D008A0182 /* PBXTargetDependency */ = {
			isa = PBXTargetDependency;
			target = EF05C32A2984449B008A0182 /* AsyncTutorial */;
			targetProxy = EF05C34C2984449D008A0182 /* PBXContainerItemProxy */;
		};
		EF05C37029867DD9008A0182 /* PBXTargetDependency */ = {
			isa = PBXTargetDependency;
			target = EF05C36329867DD9008A0182 /* ApiRequest */;
			targetProxy = EF05C36F29867DD9008A0182 /* PBXContainerItemProxy */;
		};
		EF05C37229867DD9008A0182 /* PBXTargetDependency */ = {
			isa = PBXTargetDependency;
			target = EF05C32A2984449B008A0182 /* AsyncTutorial */;
			targetProxy = EF05C37129867DD9008A0182 /* PBXContainerItemProxy */;
		};
		EF05C37829867DD9008A0182 /* PBXTargetDependency */ = {
			isa = PBXTargetDependency;
			target = EF05C36329867DD9008A0182 /* ApiRequest */;
			targetProxy = EF05C37729867DD9008A0182 /* PBXContainerItemProxy */;
		};
/* End PBXTargetDependency section */

/* Begin PBXVariantGroup section */
		EF05C3342984449B008A0182 /* Main.storyboard */ = {
			isa = PBXVariantGroup;
			children = (
				EF05C3352984449B008A0182 /* Base */,
			);
			name = Main.storyboard;
			sourceTree = "<group>";
		};
		EF05C3392984449D008A0182 /* LaunchScreen.storyboard */ = {
			isa = PBXVariantGroup;
			children = (
				EF05C33A2984449D008A0182 /* Base */,
			);
			name = LaunchScreen.storyboard;
			sourceTree = "<group>";
		};
/* End PBXVariantGroup section */

/* Begin XCBuildConfiguration section */
		EF05C3532984449D008A0182 /* Debug */ = {
			isa = XCBuildConfiguration;
			buildSettings = {
				ALWAYS_SEARCH_USER_PATHS = NO;
				CLANG_ANALYZER_NONNULL = YES;
				CLANG_ANALYZER_NUMBER_OBJECT_CONVERSION = YES_AGGRESSIVE;
				CLANG_CXX_LANGUAGE_STANDARD = "gnu++20";
				CLANG_ENABLE_MODULES = YES;
				CLANG_ENABLE_OBJC_ARC = YES;
				CLANG_ENABLE_OBJC_WEAK = YES;
				CLANG_WARN_BLOCK_CAPTURE_AUTORELEASING = YES;
				CLANG_WARN_BOOL_CONVERSION = YES;
				CLANG_WARN_COMMA = YES;
				CLANG_WARN_CONSTANT_CONVERSION = YES;
				CLANG_WARN_DEPRECATED_OBJC_IMPLEMENTATIONS = YES;
				CLANG_WARN_DIRECT_OBJC_ISA_USAGE = YES_ERROR;
				CLANG_WARN_DOCUMENTATION_COMMENTS = YES;
				CLANG_WARN_EMPTY_BODY = YES;
				CLANG_WARN_ENUM_CONVERSION = YES;
				CLANG_WARN_INFINITE_RECURSION = YES;
				CLANG_WARN_INT_CONVERSION = YES;
				CLANG_WARN_NON_LITERAL_NULL_CONVERSION = YES;
				CLANG_WARN_OBJC_IMPLICIT_RETAIN_SELF = YES;
				CLANG_WARN_OBJC_LITERAL_CONVERSION = YES;
				CLANG_WARN_OBJC_ROOT_CLASS = YES_ERROR;
				CLANG_WARN_QUOTED_INCLUDE_IN_FRAMEWORK_HEADER = YES;
				CLANG_WARN_RANGE_LOOP_ANALYSIS = YES;
				CLANG_WARN_STRICT_PROTOTYPES = YES;
				CLANG_WARN_SUSPICIOUS_MOVE = YES;
				CLANG_WARN_UNGUARDED_AVAILABILITY = YES_AGGRESSIVE;
				CLANG_WARN_UNREACHABLE_CODE = YES;
				CLANG_WARN__DUPLICATE_METHOD_MATCH = YES;
				COPY_PHASE_STRIP = NO;
				DEBUG_INFORMATION_FORMAT = dwarf;
				ENABLE_STRICT_OBJC_MSGSEND = YES;
				ENABLE_TESTABILITY = YES;
				GCC_C_LANGUAGE_STANDARD = gnu11;
				GCC_DYNAMIC_NO_PIC = NO;
				GCC_NO_COMMON_BLOCKS = YES;
				GCC_OPTIMIZATION_LEVEL = 0;
				GCC_PREPROCESSOR_DEFINITIONS = (
					"DEBUG=1",
					"$(inherited)",
				);
				GCC_WARN_64_TO_32_BIT_CONVERSION = YES;
				GCC_WARN_ABOUT_RETURN_TYPE = YES_ERROR;
				GCC_WARN_UNDECLARED_SELECTOR = YES;
				GCC_WARN_UNINITIALIZED_AUTOS = YES_AGGRESSIVE;
				GCC_WARN_UNUSED_FUNCTION = YES;
				GCC_WARN_UNUSED_VARIABLE = YES;
				IPHONEOS_DEPLOYMENT_TARGET = 16.0;
				MTL_ENABLE_DEBUG_INFO = INCLUDE_SOURCE;
				MTL_FAST_MATH = YES;
				ONLY_ACTIVE_ARCH = YES;
				SDKROOT = iphoneos;
				SWIFT_ACTIVE_COMPILATION_CONDITIONS = DEBUG;
				SWIFT_OPTIMIZATION_LEVEL = "-Onone";
			};
			name = Debug;
		};
		EF05C3542984449D008A0182 /* Release */ = {
			isa = XCBuildConfiguration;
			buildSettings = {
				ALWAYS_SEARCH_USER_PATHS = NO;
				CLANG_ANALYZER_NONNULL = YES;
				CLANG_ANALYZER_NUMBER_OBJECT_CONVERSION = YES_AGGRESSIVE;
				CLANG_CXX_LANGUAGE_STANDARD = "gnu++20";
				CLANG_ENABLE_MODULES = YES;
				CLANG_ENABLE_OBJC_ARC = YES;
				CLANG_ENABLE_OBJC_WEAK = YES;
				CLANG_WARN_BLOCK_CAPTURE_AUTORELEASING = YES;
				CLANG_WARN_BOOL_CONVERSION = YES;
				CLANG_WARN_COMMA = YES;
				CLANG_WARN_CONSTANT_CONVERSION = YES;
				CLANG_WARN_DEPRECATED_OBJC_IMPLEMENTATIONS = YES;
				CLANG_WARN_DIRECT_OBJC_ISA_USAGE = YES_ERROR;
				CLANG_WARN_DOCUMENTATION_COMMENTS = YES;
				CLANG_WARN_EMPTY_BODY = YES;
				CLANG_WARN_ENUM_CONVERSION = YES;
				CLANG_WARN_INFINITE_RECURSION = YES;
				CLANG_WARN_INT_CONVERSION = YES;
				CLANG_WARN_NON_LITERAL_NULL_CONVERSION = YES;
				CLANG_WARN_OBJC_IMPLICIT_RETAIN_SELF = YES;
				CLANG_WARN_OBJC_LITERAL_CONVERSION = YES;
				CLANG_WARN_OBJC_ROOT_CLASS = YES_ERROR;
				CLANG_WARN_QUOTED_INCLUDE_IN_FRAMEWORK_HEADER = YES;
				CLANG_WARN_RANGE_LOOP_ANALYSIS = YES;
				CLANG_WARN_STRICT_PROTOTYPES = YES;
				CLANG_WARN_SUSPICIOUS_MOVE = YES;
				CLANG_WARN_UNGUARDED_AVAILABILITY = YES_AGGRESSIVE;
				CLANG_WARN_UNREACHABLE_CODE = YES;
				CLANG_WARN__DUPLICATE_METHOD_MATCH = YES;
				COPY_PHASE_STRIP = NO;
				DEBUG_INFORMATION_FORMAT = "dwarf-with-dsym";
				ENABLE_NS_ASSERTIONS = NO;
				ENABLE_STRICT_OBJC_MSGSEND = YES;
				GCC_C_LANGUAGE_STANDARD = gnu11;
				GCC_NO_COMMON_BLOCKS = YES;
				GCC_WARN_64_TO_32_BIT_CONVERSION = YES;
				GCC_WARN_ABOUT_RETURN_TYPE = YES_ERROR;
				GCC_WARN_UNDECLARED_SELECTOR = YES;
				GCC_WARN_UNINITIALIZED_AUTOS = YES_AGGRESSIVE;
				GCC_WARN_UNUSED_FUNCTION = YES;
				GCC_WARN_UNUSED_VARIABLE = YES;
				IPHONEOS_DEPLOYMENT_TARGET = 16.0;
				MTL_ENABLE_DEBUG_INFO = NO;
				MTL_FAST_MATH = YES;
				SDKROOT = iphoneos;
				SWIFT_COMPILATION_MODE = wholemodule;
				SWIFT_OPTIMIZATION_LEVEL = "-O";
				VALIDATE_PRODUCT = YES;
			};
			name = Release;
		};
		EF05C3562984449D008A0182 /* Debug */ = {
			isa = XCBuildConfiguration;
			buildSettings = {
				ALWAYS_EMBED_SWIFT_STANDARD_LIBRARIES = YES;
				ASSETCATALOG_COMPILER_APPICON_NAME = AppIcon;
				ASSETCATALOG_COMPILER_GLOBAL_ACCENT_COLOR_NAME = AccentColor;
				CODE_SIGN_STYLE = Automatic;
				CURRENT_PROJECT_VERSION = 1;
				DEVELOPMENT_TEAM = 86XB87XK2Q;
				GENERATE_INFOPLIST_FILE = YES;
				INFOPLIST_FILE = AsyncTutorial/Info.plist;
				INFOPLIST_KEY_UIApplicationSupportsIndirectInputEvents = YES;
				INFOPLIST_KEY_UILaunchStoryboardName = LaunchScreen;
				INFOPLIST_KEY_UIMainStoryboardFile = Main;
				INFOPLIST_KEY_UISupportedInterfaceOrientations_iPad = "UIInterfaceOrientationPortrait UIInterfaceOrientationPortraitUpsideDown UIInterfaceOrientationLandscapeLeft UIInterfaceOrientationLandscapeRight";
				INFOPLIST_KEY_UISupportedInterfaceOrientations_iPhone = "UIInterfaceOrientationPortrait UIInterfaceOrientationLandscapeLeft UIInterfaceOrientationLandscapeRight";
				IPHONEOS_DEPLOYMENT_TARGET = 15.0;
				LD_RUNPATH_SEARCH_PATHS = (
					"$(inherited)",
					"@executable_path/Frameworks",
				);
				MARKETING_VERSION = 1.0;
				PRODUCT_BUNDLE_IDENTIFIER = com.ankit.AsyncTutorial;
				PRODUCT_NAME = "$(TARGET_NAME)";
				SWIFT_EMIT_LOC_STRINGS = YES;
				SWIFT_VERSION = 5.0;
				TARGETED_DEVICE_FAMILY = "1,2";
			};
			name = Debug;
		};
		EF05C3572984449D008A0182 /* Release */ = {
			isa = XCBuildConfiguration;
			buildSettings = {
				ALWAYS_EMBED_SWIFT_STANDARD_LIBRARIES = YES;
				ASSETCATALOG_COMPILER_APPICON_NAME = AppIcon;
				ASSETCATALOG_COMPILER_GLOBAL_ACCENT_COLOR_NAME = AccentColor;
				CODE_SIGN_STYLE = Automatic;
				CURRENT_PROJECT_VERSION = 1;
				DEVELOPMENT_TEAM = 86XB87XK2Q;
				GENERATE_INFOPLIST_FILE = YES;
				INFOPLIST_FILE = AsyncTutorial/Info.plist;
				INFOPLIST_KEY_UIApplicationSupportsIndirectInputEvents = YES;
				INFOPLIST_KEY_UILaunchStoryboardName = LaunchScreen;
				INFOPLIST_KEY_UIMainStoryboardFile = Main;
				INFOPLIST_KEY_UISupportedInterfaceOrientations_iPad = "UIInterfaceOrientationPortrait UIInterfaceOrientationPortraitUpsideDown UIInterfaceOrientationLandscapeLeft UIInterfaceOrientationLandscapeRight";
				INFOPLIST_KEY_UISupportedInterfaceOrientations_iPhone = "UIInterfaceOrientationPortrait UIInterfaceOrientationLandscapeLeft UIInterfaceOrientationLandscapeRight";
				IPHONEOS_DEPLOYMENT_TARGET = 15.0;
				LD_RUNPATH_SEARCH_PATHS = (
					"$(inherited)",
					"@executable_path/Frameworks",
				);
				MARKETING_VERSION = 1.0;
				PRODUCT_BUNDLE_IDENTIFIER = com.ankit.AsyncTutorial;
				PRODUCT_NAME = "$(TARGET_NAME)";
				SWIFT_EMIT_LOC_STRINGS = YES;
				SWIFT_VERSION = 5.0;
				TARGETED_DEVICE_FAMILY = "1,2";
			};
			name = Release;
		};
		EF05C3592984449D008A0182 /* Debug */ = {
			isa = XCBuildConfiguration;
			buildSettings = {
				ALWAYS_EMBED_SWIFT_STANDARD_LIBRARIES = YES;
				BUNDLE_LOADER = "$(TEST_HOST)";
				CODE_SIGN_STYLE = Automatic;
				CURRENT_PROJECT_VERSION = 1;
				DEVELOPMENT_TEAM = 86XB87XK2Q;
				GENERATE_INFOPLIST_FILE = YES;
				IPHONEOS_DEPLOYMENT_TARGET = 16.0;
				MARKETING_VERSION = 1.0;
				PRODUCT_BUNDLE_IDENTIFIER = com.ankit.AsyncTutorialTests;
				PRODUCT_NAME = "$(TARGET_NAME)";
				SWIFT_EMIT_LOC_STRINGS = NO;
				SWIFT_VERSION = 5.0;
				TARGETED_DEVICE_FAMILY = "1,2";
				TEST_HOST = "$(BUILT_PRODUCTS_DIR)/AsyncTutorial.app/$(BUNDLE_EXECUTABLE_FOLDER_PATH)/AsyncTutorial";
			};
			name = Debug;
		};
		EF05C35A2984449D008A0182 /* Release */ = {
			isa = XCBuildConfiguration;
			buildSettings = {
				ALWAYS_EMBED_SWIFT_STANDARD_LIBRARIES = YES;
				BUNDLE_LOADER = "$(TEST_HOST)";
				CODE_SIGN_STYLE = Automatic;
				CURRENT_PROJECT_VERSION = 1;
				DEVELOPMENT_TEAM = 86XB87XK2Q;
				GENERATE_INFOPLIST_FILE = YES;
				IPHONEOS_DEPLOYMENT_TARGET = 16.0;
				MARKETING_VERSION = 1.0;
				PRODUCT_BUNDLE_IDENTIFIER = com.ankit.AsyncTutorialTests;
				PRODUCT_NAME = "$(TARGET_NAME)";
				SWIFT_EMIT_LOC_STRINGS = NO;
				SWIFT_VERSION = 5.0;
				TARGETED_DEVICE_FAMILY = "1,2";
				TEST_HOST = "$(BUILT_PRODUCTS_DIR)/AsyncTutorial.app/$(BUNDLE_EXECUTABLE_FOLDER_PATH)/AsyncTutorial";
			};
			name = Release;
		};
		EF05C35C2984449D008A0182 /* Debug */ = {
			isa = XCBuildConfiguration;
			buildSettings = {
				ALWAYS_EMBED_SWIFT_STANDARD_LIBRARIES = YES;
				CODE_SIGN_STYLE = Automatic;
				CURRENT_PROJECT_VERSION = 1;
				DEVELOPMENT_TEAM = 86XB87XK2Q;
				GENERATE_INFOPLIST_FILE = YES;
				MARKETING_VERSION = 1.0;
				PRODUCT_BUNDLE_IDENTIFIER = com.ankit.AsyncTutorialUITests;
				PRODUCT_NAME = "$(TARGET_NAME)";
				SWIFT_EMIT_LOC_STRINGS = NO;
				SWIFT_VERSION = 5.0;
				TARGETED_DEVICE_FAMILY = "1,2";
				TEST_TARGET_NAME = AsyncTutorial;
			};
			name = Debug;
		};
		EF05C35D2984449D008A0182 /* Release */ = {
			isa = XCBuildConfiguration;
			buildSettings = {
				ALWAYS_EMBED_SWIFT_STANDARD_LIBRARIES = YES;
				CODE_SIGN_STYLE = Automatic;
				CURRENT_PROJECT_VERSION = 1;
				DEVELOPMENT_TEAM = 86XB87XK2Q;
				GENERATE_INFOPLIST_FILE = YES;
				MARKETING_VERSION = 1.0;
				PRODUCT_BUNDLE_IDENTIFIER = com.ankit.AsyncTutorialUITests;
				PRODUCT_NAME = "$(TARGET_NAME)";
				SWIFT_EMIT_LOC_STRINGS = NO;
				SWIFT_VERSION = 5.0;
				TARGETED_DEVICE_FAMILY = "1,2";
				TEST_TARGET_NAME = AsyncTutorial;
			};
			name = Release;
		};
		EF05C37C29867DD9008A0182 /* Debug */ = {
			isa = XCBuildConfiguration;
			buildSettings = {
				CODE_SIGN_STYLE = Automatic;
				CURRENT_PROJECT_VERSION = 1;
				DEFINES_MODULE = YES;
				DEVELOPMENT_TEAM = 86XB87XK2Q;
				DYLIB_COMPATIBILITY_VERSION = 1;
				DYLIB_CURRENT_VERSION = 1;
				DYLIB_INSTALL_NAME_BASE = "@rpath";
				GENERATE_INFOPLIST_FILE = YES;
				INFOPLIST_KEY_NSHumanReadableCopyright = "";
				INSTALL_PATH = "$(LOCAL_LIBRARY_DIR)/Frameworks";
				IPHONEOS_DEPLOYMENT_TARGET = 15.0;
				LD_RUNPATH_SEARCH_PATHS = (
					"$(inherited)",
					"@executable_path/Frameworks",
					"@loader_path/Frameworks",
				);
				MARKETING_VERSION = 1.0;
				PRODUCT_BUNDLE_IDENTIFIER = com.ankit.ApiRequest;
				PRODUCT_NAME = "$(TARGET_NAME:c99extidentifier)";
				SKIP_INSTALL = YES;
				SWIFT_EMIT_LOC_STRINGS = YES;
				SWIFT_VERSION = 5.0;
				TARGETED_DEVICE_FAMILY = "1,2";
				VERSIONING_SYSTEM = "apple-generic";
				VERSION_INFO_PREFIX = "";
			};
			name = Debug;
		};
		EF05C37D29867DD9008A0182 /* Release */ = {
			isa = XCBuildConfiguration;
			buildSettings = {
				CODE_SIGN_STYLE = Automatic;
				CURRENT_PROJECT_VERSION = 1;
				DEFINES_MODULE = YES;
				DEVELOPMENT_TEAM = 86XB87XK2Q;
				DYLIB_COMPATIBILITY_VERSION = 1;
				DYLIB_CURRENT_VERSION = 1;
				DYLIB_INSTALL_NAME_BASE = "@rpath";
				GENERATE_INFOPLIST_FILE = YES;
				INFOPLIST_KEY_NSHumanReadableCopyright = "";
				INSTALL_PATH = "$(LOCAL_LIBRARY_DIR)/Frameworks";
				IPHONEOS_DEPLOYMENT_TARGET = 15.0;
				LD_RUNPATH_SEARCH_PATHS = (
					"$(inherited)",
					"@executable_path/Frameworks",
					"@loader_path/Frameworks",
				);
				MARKETING_VERSION = 1.0;
				PRODUCT_BUNDLE_IDENTIFIER = com.ankit.ApiRequest;
				PRODUCT_NAME = "$(TARGET_NAME:c99extidentifier)";
				SKIP_INSTALL = YES;
				SWIFT_EMIT_LOC_STRINGS = YES;
				SWIFT_VERSION = 5.0;
				TARGETED_DEVICE_FAMILY = "1,2";
				VERSIONING_SYSTEM = "apple-generic";
				VERSION_INFO_PREFIX = "";
			};
			name = Release;
		};
		EF05C38029867DD9008A0182 /* Debug */ = {
			isa = XCBuildConfiguration;
			buildSettings = {
				ALWAYS_EMBED_SWIFT_STANDARD_LIBRARIES = YES;
				CODE_SIGN_STYLE = Automatic;
				CURRENT_PROJECT_VERSION = 1;
				DEVELOPMENT_TEAM = 86XB87XK2Q;
				GENERATE_INFOPLIST_FILE = YES;
				MARKETING_VERSION = 1.0;
				PRODUCT_BUNDLE_IDENTIFIER = com.ankit.ApiRequestTests;
				PRODUCT_NAME = "$(TARGET_NAME)";
				SWIFT_EMIT_LOC_STRINGS = NO;
				SWIFT_VERSION = 5.0;
				TARGETED_DEVICE_FAMILY = "1,2";
				TEST_HOST = "$(BUILT_PRODUCTS_DIR)/AsyncTutorial.app/$(BUNDLE_EXECUTABLE_FOLDER_PATH)/AsyncTutorial";
			};
			name = Debug;
		};
		EF05C38129867DD9008A0182 /* Release */ = {
			isa = XCBuildConfiguration;
			buildSettings = {
				ALWAYS_EMBED_SWIFT_STANDARD_LIBRARIES = YES;
				CODE_SIGN_STYLE = Automatic;
				CURRENT_PROJECT_VERSION = 1;
				DEVELOPMENT_TEAM = 86XB87XK2Q;
				GENERATE_INFOPLIST_FILE = YES;
				MARKETING_VERSION = 1.0;
				PRODUCT_BUNDLE_IDENTIFIER = com.ankit.ApiRequestTests;
				PRODUCT_NAME = "$(TARGET_NAME)";
				SWIFT_EMIT_LOC_STRINGS = NO;
				SWIFT_VERSION = 5.0;
				TARGETED_DEVICE_FAMILY = "1,2";
				TEST_HOST = "$(BUILT_PRODUCTS_DIR)/AsyncTutorial.app/$(BUNDLE_EXECUTABLE_FOLDER_PATH)/AsyncTutorial";
			};
			name = Release;
		};
/* End XCBuildConfiguration section */

/* Begin XCConfigurationList section */
		EF05C3262984449B008A0182 /* Build configuration list for PBXProject "AsyncTutorial" */ = {
			isa = XCConfigurationList;
			buildConfigurations = (
				EF05C3532984449D008A0182 /* Debug */,
				EF05C3542984449D008A0182 /* Release */,
			);
			defaultConfigurationIsVisible = 0;
			defaultConfigurationName = Release;
		};
		EF05C3552984449D008A0182 /* Build configuration list for PBXNativeTarget "AsyncTutorial" */ = {
			isa = XCConfigurationList;
			buildConfigurations = (
				EF05C3562984449D008A0182 /* Debug */,
				EF05C3572984449D008A0182 /* Release */,
			);
			defaultConfigurationIsVisible = 0;
			defaultConfigurationName = Release;
		};
		EF05C3582984449D008A0182 /* Build configuration list for PBXNativeTarget "AsyncTutorialTests" */ = {
			isa = XCConfigurationList;
			buildConfigurations = (
				EF05C3592984449D008A0182 /* Debug */,
				EF05C35A2984449D008A0182 /* Release */,
			);
			defaultConfigurationIsVisible = 0;
			defaultConfigurationName = Release;
		};
		EF05C35B2984449D008A0182 /* Build configuration list for PBXNativeTarget "AsyncTutorialUITests" */ = {
			isa = XCConfigurationList;
			buildConfigurations = (
				EF05C35C2984449D008A0182 /* Debug */,
				EF05C35D2984449D008A0182 /* Release */,
			);
			defaultConfigurationIsVisible = 0;
			defaultConfigurationName = Release;
		};
		EF05C37B29867DD9008A0182 /* Build configuration list for PBXNativeTarget "ApiRequest" */ = {
			isa = XCConfigurationList;
			buildConfigurations = (
				EF05C37C29867DD9008A0182 /* Debug */,
				EF05C37D29867DD9008A0182 /* Release */,
			);
			defaultConfigurationIsVisible = 0;
			defaultConfigurationName = Release;
		};
		EF05C37F29867DD9008A0182 /* Build configuration list for PBXNativeTarget "ApiRequestTests" */ = {
			isa = XCConfigurationList;
			buildConfigurations = (
				EF05C38029867DD9008A0182 /* Debug */,
				EF05C38129867DD9008A0182 /* Release */,
			);
			defaultConfigurationIsVisible = 0;
			defaultConfigurationName = Release;
		};
/* End XCConfigurationList section */
	};
	rootObject = EF05C3232984449B008A0182 /* Project object */;
}
